
Microsoft Visual Studio Solution File, Format Version 12.00
# Visual Studio 15
VisualStudioVersion = 15.0.27703.2000
MinimumVisualStudioVersion = 10.0.40219.1
Project("{FAE04EC0-301F-11D3-BF4B-00C04F79EFBC}") = "IdentityServerWithAspNetIdentity", "IdentityServerWithAspNetIdentity\IdentityServerWithAspNetIdentity.csproj", "{9796E303-A7D6-4F0C-AAB6-77315194FA3D}"
EndProject
Project("{2150E333-8FDC-42A3-9474-1A3956D46DE8}") = "Clients", "Clients", "{E4A4DFFD-DF62-4B6A-8011-A2236A2FF537}"
EndProject
Project("{FAE04EC0-301F-11D3-BF4B-00C04F79EFBC}") = "Client", "Client\Client.csproj", "{E7E888E7-8544-413E-9A46-7B5D69DD1721}"
EndProject
Project("{9A19103F-16F7-4668-BE54-9A1E7A4F7556}") = "Api", "Api\Api.csproj", "{8FFDC2CD-2312-4845-BBD0-8B85CE1F7276}"
EndProject
Project("{FAE04EC0-301F-11D3-BF4B-00C04F79EFBC}") = "MvcClient", "MvcClient\MvcClient.csproj", "{63A0F5DC-E1BD-4AEF-B9D9-870AD4F50E4C}"
EndProject
Project("{FAE04EC0-301F-11D3-BF4B-00C04F79EFBC}") = "ResourceOwnerClient", "ResourceOwnerClient\ResourceOwnerClient.csproj", "{54B22803-ACB9-4195-8FA3-3B9069164FD4}"
EndProject
Global
	GlobalSection(SolutionConfigurationPlatforms) = preSolution
		Debug|Any CPU = Debug|Any CPU
		Release|Any CPU = Release|Any CPU
	EndGlobalSection
	GlobalSection(ProjectConfigurationPlatforms) = postSolution
		{9796E303-A7D6-4F0C-AAB6-77315194FA3D}.Debug|Any CPU.ActiveCfg = Debug|Any CPU
		{9796E303-A7D6-4F0C-AAB6-77315194FA3D}.Debug|Any CPU.Build.0 = Debug|Any CPU
		{9796E303-A7D6-4F0C-AAB6-77315194FA3D}.Release|Any CPU.ActiveCfg = Release|Any CPU
		{9796E303-A7D6-4F0C-AAB6-77315194FA3D}.Release|Any CPU.Build.0 = Release|Any CPU
		{E7E888E7-8544-413E-9A46-7B5D69DD1721}.Debug|Any CPU.ActiveCfg = Debug|Any CPU
		{E7E888E7-8544-413E-9A46-7B5D69DD1721}.Debug|Any CPU.Build.0 = Debug|Any CPU
		{E7E888E7-8544-413E-9A46-7B5D69DD1721}.Release|Any CPU.ActiveCfg = Release|Any CPU
		{E7E888E7-8544-413E-9A46-7B5D69DD1721}.Release|Any CPU.Build.0 = Release|Any CPU
		{8FFDC2CD-2312-4845-BBD0-8B85CE1F7276}.Debug|Any CPU.ActiveCfg = Debug|Any CPU
		{8FFDC2CD-2312-4845-BBD0-8B85CE1F7276}.Debug|Any CPU.Build.0 = Debug|Any CPU
		{8FFDC2CD-2312-4845-BBD0-8B85CE1F7276}.Release|Any CPU.ActiveCfg = Release|Any CPU
		{8FFDC2CD-2312-4845-BBD0-8B85CE1F7276}.Release|Any CPU.Build.0 = Release|Any CPU
		{63A0F5DC-E1BD-4AEF-B9D9-870AD4F50E4C}.Debug|Any CPU.ActiveCfg = Debug|Any CPU
		{63A0F5DC-E1BD-4AEF-B9D9-870AD4F50E4C}.Debug|Any CPU.Build.0 = Debug|Any CPU
		{63A0F5DC-E1BD-4AEF-B9D9-870AD4F50E4C}.Release|Any CPU.ActiveCfg = Release|Any CPU
		{63A0F5DC-E1BD-4AEF-B9D9-870AD4F50E4C}.Release|Any CPU.Build.0 = Release|Any CPU
		{54B22803-ACB9-4195-8FA3-3B9069164FD4}.Debug|Any CPU.ActiveCfg = Debug|Any CPU
		{54B22803-ACB9-4195-8FA3-3B9069164FD4}.Debug|Any CPU.Build.0 = Debug|Any CPU
		{54B22803-ACB9-4195-8FA3-3B9069164FD4}.Release|Any CPU.ActiveCfg = Release|Any CPU
		{54B22803-ACB9-4195-8FA3-3B9069164FD4}.Release|Any CPU.Build.0 = Release|Any CPU
	EndGlobalSection
	GlobalSection(SolutionProperties) = preSolution
		HideSolutionNode = FALSE
	EndGlobalSection
	GlobalSection(NestedProjects) = preSolution
		{E7E888E7-8544-413E-9A46-7B5D69DD1721} = {E4A4DFFD-DF62-4B6A-8011-A2236A2FF537}
		{63A0F5DC-E1BD-4AEF-B9D9-870AD4F50E4C} = {E4A4DFFD-DF62-4B6A-8011-A2236A2FF537}
		{54B22803-ACB9-4195-8FA3-3B9069164FD4} = {E4A4DFFD-DF62-4B6A-8011-A2236A2FF537}
	EndGlobalSection
	GlobalSection(ExtensibilityGlobals) = postSolution
		SolutionGuid = {E2E88E21-AE98-41F6-B5FB-24CD0295993E}
	EndGlobalSection
EndGlobal
